// !$*UTF8*$!
{
	archiveVersion = 1;
	classes = {
	};
	objectVersion = 55;
	objects = {

/* Begin PBXBuildFile section */
		ED44C35227B1B2B900ED50AF /* ExtendedView.swift in Sources */ = {isa = PBXBuildFile; fileRef = ED44C35127B1B2B900ED50AF /* ExtendedView.swift */; };
		ED44C35427B1C2E000ED50AF /* ExtendedDetailView.swift in Sources */ = {isa = PBXBuildFile; fileRef = ED44C35327B1C2E000ED50AF /* ExtendedDetailView.swift */; };
		ED44C35627B1F1E400ED50AF /* StorageProvider.swift in Sources */ = {isa = PBXBuildFile; fileRef = ED44C35527B1F1E400ED50AF /* StorageProvider.swift */; };
		ED44C35827B1F31800ED50AF /* DefaultsProvider.swift in Sources */ = {isa = PBXBuildFile; fileRef = ED44C35727B1F31800ED50AF /* DefaultsProvider.swift */; };
		ED8A760327A6DFDB009C0C9D /* ClimaApp.swift in Sources */ = {isa = PBXBuildFile; fileRef = ED8A760227A6DFDB009C0C9D /* ClimaApp.swift */; };
		ED8A760527A6DFDB009C0C9D /* MainView.swift in Sources */ = {isa = PBXBuildFile; fileRef = ED8A760427A6DFDB009C0C9D /* MainView.swift */; };
		ED8A760727A6DFE3009C0C9D /* Assets.xcassets in Resources */ = {isa = PBXBuildFile; fileRef = ED8A760627A6DFE3009C0C9D /* Assets.xcassets */; };
		ED8A760A27A6DFE3009C0C9D /* Preview Assets.xcassets in Resources */ = {isa = PBXBuildFile; fileRef = ED8A760927A6DFE3009C0C9D /* Preview Assets.xcassets */; };
		ED8A761427A6DFE4009C0C9D /* ClimaTests.swift in Sources */ = {isa = PBXBuildFile; fileRef = ED8A761327A6DFE4009C0C9D /* ClimaTests.swift */; };
		ED8A761E27A6DFE4009C0C9D /* ClimaUITests.swift in Sources */ = {isa = PBXBuildFile; fileRef = ED8A761D27A6DFE4009C0C9D /* ClimaUITests.swift */; };
		ED8A762027A6DFE4009C0C9D /* ClimaUITestsLaunchTests.swift in Sources */ = {isa = PBXBuildFile; fileRef = ED8A761F27A6DFE4009C0C9D /* ClimaUITestsLaunchTests.swift */; };
		ED8A762D27A6E827009C0C9D /* OpenWeatherMapService.swift in Sources */ = {isa = PBXBuildFile; fileRef = ED8A762C27A6E827009C0C9D /* OpenWeatherMapService.swift */; };
		ED8A762F27A6E83F009C0C9D /* WeatherService.swift in Sources */ = {isa = PBXBuildFile; fileRef = ED8A762E27A6E83F009C0C9D /* WeatherService.swift */; };
		ED8A763427A6E8E6009C0C9D /* WeatherData.swift in Sources */ = {isa = PBXBuildFile; fileRef = ED8A763327A6E8E6009C0C9D /* WeatherData.swift */; };
		ED8A763627AB0DC6009C0C9D /* MainViewModel.swift in Sources */ = {isa = PBXBuildFile; fileRef = ED8A763527AB0DC6009C0C9D /* MainViewModel.swift */; };
		ED8A763827AB63EF009C0C9D /* City+WeatherData.swift in Sources */ = {isa = PBXBuildFile; fileRef = ED8A763727AB63EF009C0C9D /* City+WeatherData.swift */; };
		ED92F6B927AC83AA00D1D090 /* WeatherWatcher.swift in Sources */ = {isa = PBXBuildFile; fileRef = ED92F6B827AC83AA00D1D090 /* WeatherWatcher.swift */; };
		EDBFA73027ACDD0600D9E974 /* WeatherSummary.swift in Sources */ = {isa = PBXBuildFile; fileRef = EDBFA72F27ACDD0600D9E974 /* WeatherSummary.swift */; };
/* End PBXBuildFile section */

/* Begin PBXContainerItemProxy section */
		ED8A761027A6DFE4009C0C9D /* PBXContainerItemProxy */ = {
			isa = PBXContainerItemProxy;
			containerPortal = ED8A75F727A6DFDB009C0C9D /* Project object */;
			proxyType = 1;
			remoteGlobalIDString = ED8A75FE27A6DFDB009C0C9D;
			remoteInfo = Clima;
		};
		ED8A761A27A6DFE4009C0C9D /* PBXContainerItemProxy */ = {
			isa = PBXContainerItemProxy;
			containerPortal = ED8A75F727A6DFDB009C0C9D /* Project object */;
			proxyType = 1;
			remoteGlobalIDString = ED8A75FE27A6DFDB009C0C9D;
			remoteInfo = Clima;
		};
/* End PBXContainerItemProxy section */

/* Begin PBXFileReference section */
		ED44C35127B1B2B900ED50AF /* ExtendedView.swift */ = {isa = PBXFileReference; lastKnownFileType = sourcecode.swift; path = ExtendedView.swift; sourceTree = "<group>"; };
		ED44C35327B1C2E000ED50AF /* ExtendedDetailView.swift */ = {isa = PBXFileReference; lastKnownFileType = sourcecode.swift; path = ExtendedDetailView.swift; sourceTree = "<group>"; };
		ED44C35527B1F1E400ED50AF /* StorageProvider.swift */ = {isa = PBXFileReference; lastKnownFileType = sourcecode.swift; path = StorageProvider.swift; sourceTree = "<group>"; };
		ED44C35727B1F31800ED50AF /* DefaultsProvider.swift */ = {isa = PBXFileReference; lastKnownFileType = sourcecode.swift; path = DefaultsProvider.swift; sourceTree = "<group>"; };
		ED8A75FF27A6DFDB009C0C9D /* Clima.app */ = {isa = PBXFileReference; explicitFileType = wrapper.application; includeInIndex = 0; path = Clima.app; sourceTree = BUILT_PRODUCTS_DIR; };
		ED8A760227A6DFDB009C0C9D /* ClimaApp.swift */ = {isa = PBXFileReference; lastKnownFileType = sourcecode.swift; path = ClimaApp.swift; sourceTree = "<group>"; };
		ED8A760427A6DFDB009C0C9D /* MainView.swift */ = {isa = PBXFileReference; lastKnownFileType = sourcecode.swift; path = MainView.swift; sourceTree = "<group>"; };
		ED8A760627A6DFE3009C0C9D /* Assets.xcassets */ = {isa = PBXFileReference; lastKnownFileType = folder.assetcatalog; path = Assets.xcassets; sourceTree = "<group>"; };
		ED8A760927A6DFE3009C0C9D /* Preview Assets.xcassets */ = {isa = PBXFileReference; lastKnownFileType = folder.assetcatalog; path = "Preview Assets.xcassets"; sourceTree = "<group>"; };
		ED8A760F27A6DFE4009C0C9D /* ClimaTests.xctest */ = {isa = PBXFileReference; explicitFileType = wrapper.cfbundle; includeInIndex = 0; path = ClimaTests.xctest; sourceTree = BUILT_PRODUCTS_DIR; };
		ED8A761327A6DFE4009C0C9D /* ClimaTests.swift */ = {isa = PBXFileReference; lastKnownFileType = sourcecode.swift; path = ClimaTests.swift; sourceTree = "<group>"; };
		ED8A761927A6DFE4009C0C9D /* ClimaUITests.xctest */ = {isa = PBXFileReference; explicitFileType = wrapper.cfbundle; includeInIndex = 0; path = ClimaUITests.xctest; sourceTree = BUILT_PRODUCTS_DIR; };
		ED8A761D27A6DFE4009C0C9D /* ClimaUITests.swift */ = {isa = PBXFileReference; lastKnownFileType = sourcecode.swift; path = ClimaUITests.swift; sourceTree = "<group>"; };
		ED8A761F27A6DFE4009C0C9D /* ClimaUITestsLaunchTests.swift */ = {isa = PBXFileReference; lastKnownFileType = sourcecode.swift; path = ClimaUITestsLaunchTests.swift; sourceTree = "<group>"; };
		ED8A762C27A6E827009C0C9D /* OpenWeatherMapService.swift */ = {isa = PBXFileReference; lastKnownFileType = sourcecode.swift; path = OpenWeatherMapService.swift; sourceTree = "<group>"; };
		ED8A762E27A6E83F009C0C9D /* WeatherService.swift */ = {isa = PBXFileReference; lastKnownFileType = sourcecode.swift; path = WeatherService.swift; sourceTree = "<group>"; };
		ED8A763327A6E8E6009C0C9D /* WeatherData.swift */ = {isa = PBXFileReference; lastKnownFileType = sourcecode.swift; path = WeatherData.swift; sourceTree = "<group>"; };
		ED8A763527AB0DC6009C0C9D /* MainViewModel.swift */ = {isa = PBXFileReference; lastKnownFileType = sourcecode.swift; path = MainViewModel.swift; sourceTree = "<group>"; };
		ED8A763727AB63EF009C0C9D /* City+WeatherData.swift */ = {isa = PBXFileReference; lastKnownFileType = sourcecode.swift; path = "City+WeatherData.swift"; sourceTree = "<group>"; };
		ED92F6B827AC83AA00D1D090 /* WeatherWatcher.swift */ = {isa = PBXFileReference; lastKnownFileType = sourcecode.swift; path = WeatherWatcher.swift; sourceTree = "<group>"; };
		EDBFA72F27ACDD0600D9E974 /* WeatherSummary.swift */ = {isa = PBXFileReference; lastKnownFileType = sourcecode.swift; path = WeatherSummary.swift; sourceTree = "<group>"; };
/* End PBXFileReference section */

/* Begin PBXFrameworksBuildPhase section */
		ED8A75FC27A6DFDB009C0C9D /* Frameworks */ = {
			isa = PBXFrameworksBuildPhase;
			buildActionMask = 2147483647;
			files = (
			);
			runOnlyForDeploymentPostprocessing = 0;
		};
		ED8A760C27A6DFE4009C0C9D /* Frameworks */ = {
			isa = PBXFrameworksBuildPhase;
			buildActionMask = 2147483647;
			files = (
			);
			runOnlyForDeploymentPostprocessing = 0;
		};
		ED8A761627A6DFE4009C0C9D /* Frameworks */ = {
			isa = PBXFrameworksBuildPhase;
			buildActionMask = 2147483647;
			files = (
			);
			runOnlyForDeploymentPostprocessing = 0;
		};
/* End PBXFrameworksBuildPhase section */

/* Begin PBXGroup section */
		ED8A75F627A6DFDB009C0C9D = {
			isa = PBXGroup;
			children = (
				ED8A760127A6DFDB009C0C9D /* Clima */,
				ED8A761227A6DFE4009C0C9D /* ClimaTests */,
				ED8A761C27A6DFE4009C0C9D /* ClimaUITests */,
				ED8A760027A6DFDB009C0C9D /* Products */,
			);
			sourceTree = "<group>";
		};
		ED8A760027A6DFDB009C0C9D /* Products */ = {
			isa = PBXGroup;
			children = (
				ED8A75FF27A6DFDB009C0C9D /* Clima.app */,
				ED8A760F27A6DFE4009C0C9D /* ClimaTests.xctest */,
				ED8A761927A6DFE4009C0C9D /* ClimaUITests.xctest */,
			);
			name = Products;
			sourceTree = "<group>";
		};
		ED8A760127A6DFDB009C0C9D /* Clima */ = {
			isa = PBXGroup;
			children = (
				EDBFA72C27ACDCC100D9E974 /* Views */,
				ED8A763027A6E8AE009C0C9D /* Models */,
				ED8A760227A6DFDB009C0C9D /* ClimaApp.swift */,
				ED8A760427A6DFDB009C0C9D /* MainView.swift */,
				ED44C35527B1F1E400ED50AF /* StorageProvider.swift */,
				ED8A760627A6DFE3009C0C9D /* Assets.xcassets */,
				ED8A760827A6DFE3009C0C9D /* Preview Content */,
				ED8A762C27A6E827009C0C9D /* OpenWeatherMapService.swift */,
				ED8A762E27A6E83F009C0C9D /* WeatherService.swift */,
				ED8A763527AB0DC6009C0C9D /* MainViewModel.swift */,
				ED92F6B827AC83AA00D1D090 /* WeatherWatcher.swift */,
			);
			path = Clima;
			sourceTree = "<group>";
		};
		ED8A760827A6DFE3009C0C9D /* Preview Content */ = {
			isa = PBXGroup;
			children = (
				ED8A760927A6DFE3009C0C9D /* Preview Assets.xcassets */,
			);
			path = "Preview Content";
			sourceTree = "<group>";
		};
		ED8A761227A6DFE4009C0C9D /* ClimaTests */ = {
			isa = PBXGroup;
			children = (
				ED8A761327A6DFE4009C0C9D /* ClimaTests.swift */,
			);
			path = ClimaTests;
			sourceTree = "<group>";
		};
		ED8A761C27A6DFE4009C0C9D /* ClimaUITests */ = {
			isa = PBXGroup;
			children = (
				ED8A761D27A6DFE4009C0C9D /* ClimaUITests.swift */,
				ED8A761F27A6DFE4009C0C9D /* ClimaUITestsLaunchTests.swift */,
			);
			path = ClimaUITests;
			sourceTree = "<group>";
		};
		ED8A763027A6E8AE009C0C9D /* Models */ = {
			isa = PBXGroup;
			children = (
				ED8A763327A6E8E6009C0C9D /* WeatherData.swift */,
				ED8A763727AB63EF009C0C9D /* City+WeatherData.swift */,
				ED44C35727B1F31800ED50AF /* DefaultsProvider.swift */,
			);
			path = Models;
			sourceTree = "<group>";
		};
		EDBFA72C27ACDCC100D9E974 /* Views */ = {
			isa = PBXGroup;
			children = (
				ED44C35327B1C2E000ED50AF /* ExtendedDetailView.swift */,
				ED44C35127B1B2B900ED50AF /* ExtendedView.swift */,
				EDBFA72F27ACDD0600D9E974 /* WeatherSummary.swift */,
			);
			path = Views;
			sourceTree = "<group>";
		};
/* End PBXGroup section */

/* Begin PBXNativeTarget section */
		ED8A75FE27A6DFDB009C0C9D /* Clima */ = {
			isa = PBXNativeTarget;
			buildConfigurationList = ED8A762327A6DFE4009C0C9D /* Build configuration list for PBXNativeTarget "Clima" */;
			buildPhases = (
				ED8A75FB27A6DFDB009C0C9D /* Sources */,
				ED8A75FC27A6DFDB009C0C9D /* Frameworks */,
				ED8A75FD27A6DFDB009C0C9D /* Resources */,
			);
			buildRules = (
			);
			dependencies = (
			);
			name = Clima;
			productName = Clima;
			productReference = ED8A75FF27A6DFDB009C0C9D /* Clima.app */;
			productType = "com.apple.product-type.application";
		};
		ED8A760E27A6DFE4009C0C9D /* ClimaTests */ = {
			isa = PBXNativeTarget;
			buildConfigurationList = ED8A762627A6DFE4009C0C9D /* Build configuration list for PBXNativeTarget "ClimaTests" */;
			buildPhases = (
				ED8A760B27A6DFE4009C0C9D /* Sources */,
				ED8A760C27A6DFE4009C0C9D /* Frameworks */,
				ED8A760D27A6DFE4009C0C9D /* Resources */,
			);
			buildRules = (
			);
			dependencies = (
				ED8A761127A6DFE4009C0C9D /* PBXTargetDependency */,
			);
			name = ClimaTests;
			productName = ClimaTests;
			productReference = ED8A760F27A6DFE4009C0C9D /* ClimaTests.xctest */;
			productType = "com.apple.product-type.bundle.unit-test";
		};
		ED8A761827A6DFE4009C0C9D /* ClimaUITests */ = {
			isa = PBXNativeTarget;
			buildConfigurationList = ED8A762927A6DFE4009C0C9D /* Build configuration list for PBXNativeTarget "ClimaUITests" */;
			buildPhases = (
				ED8A761527A6DFE4009C0C9D /* Sources */,
				ED8A761627A6DFE4009C0C9D /* Frameworks */,
				ED8A761727A6DFE4009C0C9D /* Resources */,
			);
			buildRules = (
			);
			dependencies = (
				ED8A761B27A6DFE4009C0C9D /* PBXTargetDependency */,
			);
			name = ClimaUITests;
			productName = ClimaUITests;
			productReference = ED8A761927A6DFE4009C0C9D /* ClimaUITests.xctest */;
			productType = "com.apple.product-type.bundle.ui-testing";
		};
/* End PBXNativeTarget section */

/* Begin PBXProject section */
		ED8A75F727A6DFDB009C0C9D /* Project object */ = {
			isa = PBXProject;
			attributes = {
				BuildIndependentTargetsInParallel = 1;
				LastSwiftUpdateCheck = 1310;
				LastUpgradeCheck = 1310;
				TargetAttributes = {
					ED8A75FE27A6DFDB009C0C9D = {
						CreatedOnToolsVersion = 13.1;
					};
					ED8A760E27A6DFE4009C0C9D = {
						CreatedOnToolsVersion = 13.1;
						TestTargetID = ED8A75FE27A6DFDB009C0C9D;
					};
					ED8A761827A6DFE4009C0C9D = {
						CreatedOnToolsVersion = 13.1;
						TestTargetID = ED8A75FE27A6DFDB009C0C9D;
					};
				};
			};
			buildConfigurationList = ED8A75FA27A6DFDB009C0C9D /* Build configuration list for PBXProject "Clima" */;
			compatibilityVersion = "Xcode 13.0";
			developmentRegion = en;
			hasScannedForEncodings = 0;
			knownRegions = (
				en,
				Base,
			);
			mainGroup = ED8A75F627A6DFDB009C0C9D;
			productRefGroup = ED8A760027A6DFDB009C0C9D /* Products */;
			projectDirPath = "";
			projectRoot = "";
			targets = (
				ED8A75FE27A6DFDB009C0C9D /* Clima */,
				ED8A760E27A6DFE4009C0C9D /* ClimaTests */,
				ED8A761827A6DFE4009C0C9D /* ClimaUITests */,
			);
		};
/* End PBXProject section */

/* Begin PBXResourcesBuildPhase section */
		ED8A75FD27A6DFDB009C0C9D /* Resources */ = {
			isa = PBXResourcesBuildPhase;
			buildActionMask = 2147483647;
			files = (
				ED8A760A27A6DFE3009C0C9D /* Preview Assets.xcassets in Resources */,
				ED8A760727A6DFE3009C0C9D /* Assets.xcassets in Resources */,
			);
			runOnlyForDeploymentPostprocessing = 0;
		};
		ED8A760D27A6DFE4009C0C9D /* Resources */ = {
			isa = PBXResourcesBuildPhase;
			buildActionMask = 2147483647;
			files = (
			);
			runOnlyForDeploymentPostprocessing = 0;
		};
		ED8A761727A6DFE4009C0C9D /* Resources */ = {
			isa = PBXResourcesBuildPhase;
			buildActionMask = 2147483647;
			files = (
			);
			runOnlyForDeploymentPostprocessing = 0;
		};
/* End PBXResourcesBuildPhase section */

/* Begin PBXSourcesBuildPhase section */
		ED8A75FB27A6DFDB009C0C9D /* Sources */ = {
			isa = PBXSourcesBuildPhase;
			buildActionMask = 2147483647;
			files = (
				ED8A763627AB0DC6009C0C9D /* MainViewModel.swift in Sources */,
				EDBFA73027ACDD0600D9E974 /* WeatherSummary.swift in Sources */,
				ED44C35427B1C2E000ED50AF /* ExtendedDetailView.swift in Sources */,
				ED44C35827B1F31800ED50AF /* DefaultsProvider.swift in Sources */,
				ED8A762F27A6E83F009C0C9D /* WeatherService.swift in Sources */,
				ED44C35627B1F1E400ED50AF /* StorageProvider.swift in Sources */,
				ED8A760527A6DFDB009C0C9D /* MainView.swift in Sources */,
				ED8A763827AB63EF009C0C9D /* City+WeatherData.swift in Sources */,
				ED8A762D27A6E827009C0C9D /* OpenWeatherMapService.swift in Sources */,
				ED92F6B927AC83AA00D1D090 /* WeatherWatcher.swift in Sources */,
				ED44C35227B1B2B900ED50AF /* ExtendedView.swift in Sources */,
				ED8A763427A6E8E6009C0C9D /* WeatherData.swift in Sources */,
				ED8A760327A6DFDB009C0C9D /* ClimaApp.swift in Sources */,
			);
			runOnlyForDeploymentPostprocessing = 0;
		};
		ED8A760B27A6DFE4009C0C9D /* Sources */ = {
			isa = PBXSourcesBuildPhase;
			buildActionMask = 2147483647;
			files = (
				ED8A761427A6DFE4009C0C9D /* ClimaTests.swift in Sources */,
			);
			runOnlyForDeploymentPostprocessing = 0;
		};
		ED8A761527A6DFE4009C0C9D /* Sources */ = {
			isa = PBXSourcesBuildPhase;
			buildActionMask = 2147483647;
			files = (
				ED8A761E27A6DFE4009C0C9D /* ClimaUITests.swift in Sources */,
				ED8A762027A6DFE4009C0C9D /* ClimaUITestsLaunchTests.swift in Sources */,
			);
			runOnlyForDeploymentPostprocessing = 0;
		};
/* End PBXSourcesBuildPhase section */

/* Begin PBXTargetDependency section */
		ED8A761127A6DFE4009C0C9D /* PBXTargetDependency */ = {
			isa = PBXTargetDependency;
			target = ED8A75FE27A6DFDB009C0C9D /* Clima */;
			targetProxy = ED8A761027A6DFE4009C0C9D /* PBXContainerItemProxy */;
		};
		ED8A761B27A6DFE4009C0C9D /* PBXTargetDependency */ = {
			isa = PBXTargetDependency;
			target = ED8A75FE27A6DFDB009C0C9D /* Clima */;
			targetProxy = ED8A761A27A6DFE4009C0C9D /* PBXContainerItemProxy */;
		};
/* End PBXTargetDependency section */

/* Begin XCBuildConfiguration section */
		ED8A762127A6DFE4009C0C9D /* Debug */ = {
			isa = XCBuildConfiguration;
			buildSettings = {
				ALWAYS_SEARCH_USER_PATHS = NO;
				CLANG_ANALYZER_NONNULL = YES;
				CLANG_ANALYZER_NUMBER_OBJECT_CONVERSION = YES_AGGRESSIVE;
				CLANG_CXX_LANGUAGE_STANDARD = "gnu++17";
				CLANG_CXX_LIBRARY = "libc++";
				CLANG_ENABLE_MODULES = YES;
				CLANG_ENABLE_OBJC_ARC = YES;
				CLANG_ENABLE_OBJC_WEAK = YES;
				CLANG_WARN_BLOCK_CAPTURE_AUTORELEASING = YES;
				CLANG_WARN_BOOL_CONVERSION = YES;
				CLANG_WARN_COMMA = YES;
				CLANG_WARN_CONSTANT_CONVERSION = YES;
				CLANG_WARN_DEPRECATED_OBJC_IMPLEMENTATIONS = YES;
				CLANG_WARN_DIRECT_OBJC_ISA_USAGE = YES_ERROR;
				CLANG_WARN_DOCUMENTATION_COMMENTS = YES;
				CLANG_WARN_EMPTY_BODY = YES;
				CLANG_WARN_ENUM_CONVERSION = YES;
				CLANG_WARN_INFINITE_RECURSION = YES;
				CLANG_WARN_INT_CONVERSION = YES;
				CLANG_WARN_NON_LITERAL_NULL_CONVERSION = YES;
				CLANG_WARN_OBJC_IMPLICIT_RETAIN_SELF = YES;
				CLANG_WARN_OBJC_LITERAL_CONVERSION = YES;
				CLANG_WARN_OBJC_ROOT_CLASS = YES_ERROR;
				CLANG_WARN_QUOTED_INCLUDE_IN_FRAMEWORK_HEADER = YES;
				CLANG_WARN_RANGE_LOOP_ANALYSIS = YES;
				CLANG_WARN_STRICT_PROTOTYPES = YES;
				CLANG_WARN_SUSPICIOUS_MOVE = YES;
				CLANG_WARN_UNGUARDED_AVAILABILITY = YES_AGGRESSIVE;
				CLANG_WARN_UNREACHABLE_CODE = YES;
				CLANG_WARN__DUPLICATE_METHOD_MATCH = YES;
				COPY_PHASE_STRIP = NO;
				DEBUG_INFORMATION_FORMAT = dwarf;
				ENABLE_STRICT_OBJC_MSGSEND = YES;
				ENABLE_TESTABILITY = YES;
				GCC_C_LANGUAGE_STANDARD = gnu11;
				GCC_DYNAMIC_NO_PIC = NO;
				GCC_NO_COMMON_BLOCKS = YES;
				GCC_OPTIMIZATION_LEVEL = 0;
				GCC_PREPROCESSOR_DEFINITIONS = (
					"DEBUG=1",
					"$(inherited)",
				);
				GCC_WARN_64_TO_32_BIT_CONVERSION = YES;
				GCC_WARN_ABOUT_RETURN_TYPE = YES_ERROR;
				GCC_WARN_UNDECLARED_SELECTOR = YES;
				GCC_WARN_UNINITIALIZED_AUTOS = YES_AGGRESSIVE;
				GCC_WARN_UNUSED_FUNCTION = YES;
				GCC_WARN_UNUSED_VARIABLE = YES;
				IPHONEOS_DEPLOYMENT_TARGET = 15.0;
				MTL_ENABLE_DEBUG_INFO = INCLUDE_SOURCE;
				MTL_FAST_MATH = YES;
				ONLY_ACTIVE_ARCH = YES;
				SDKROOT = iphoneos;
				SWIFT_ACTIVE_COMPILATION_CONDITIONS = DEBUG;
				SWIFT_OPTIMIZATION_LEVEL = "-Onone";
			};
			name = Debug;
		};
		ED8A762227A6DFE4009C0C9D /* Release */ = {
			isa = XCBuildConfiguration;
			buildSettings = {
				ALWAYS_SEARCH_USER_PATHS = NO;
				CLANG_ANALYZER_NONNULL = YES;
				CLANG_ANALYZER_NUMBER_OBJECT_CONVERSION = YES_AGGRESSIVE;
				CLANG_CXX_LANGUAGE_STANDARD = "gnu++17";
				CLANG_CXX_LIBRARY = "libc++";
				CLANG_ENABLE_MODULES = YES;
				CLANG_ENABLE_OBJC_ARC = YES;
				CLANG_ENABLE_OBJC_WEAK = YES;
				CLANG_WARN_BLOCK_CAPTURE_AUTORELEASING = YES;
				CLANG_WARN_BOOL_CONVERSION = YES;
				CLANG_WARN_COMMA = YES;
				CLANG_WARN_CONSTANT_CONVERSION = YES;
				CLANG_WARN_DEPRECATED_OBJC_IMPLEMENTATIONS = YES;
				CLANG_WARN_DIRECT_OBJC_ISA_USAGE = YES_ERROR;
				CLANG_WARN_DOCUMENTATION_COMMENTS = YES;
				CLANG_WARN_EMPTY_BODY = YES;
				CLANG_WARN_ENUM_CONVERSION = YES;
				CLANG_WARN_INFINITE_RECURSION = YES;
				CLANG_WARN_INT_CONVERSION = YES;
				CLANG_WARN_NON_LITERAL_NULL_CONVERSION = YES;
				CLANG_WARN_OBJC_IMPLICIT_RETAIN_SELF = YES;
				CLANG_WARN_OBJC_LITERAL_CONVERSION = YES;
				CLANG_WARN_OBJC_ROOT_CLASS = YES_ERROR;
				CLANG_WARN_QUOTED_INCLUDE_IN_FRAMEWORK_HEADER = YES;
				CLANG_WARN_RANGE_LOOP_ANALYSIS = YES;
				CLANG_WARN_STRICT_PROTOTYPES = YES;
				CLANG_WARN_SUSPICIOUS_MOVE = YES;
				CLANG_WARN_UNGUARDED_AVAILABILITY = YES_AGGRESSIVE;
				CLANG_WARN_UNREACHABLE_CODE = YES;
				CLANG_WARN__DUPLICATE_METHOD_MATCH = YES;
				COPY_PHASE_STRIP = NO;
				DEBUG_INFORMATION_FORMAT = "dwarf-with-dsym";
				ENABLE_NS_ASSERTIONS = NO;
				ENABLE_STRICT_OBJC_MSGSEND = YES;
				GCC_C_LANGUAGE_STANDARD = gnu11;
				GCC_NO_COMMON_BLOCKS = YES;
				GCC_WARN_64_TO_32_BIT_CONVERSION = YES;
				GCC_WARN_ABOUT_RETURN_TYPE = YES_ERROR;
				GCC_WARN_UNDECLARED_SELECTOR = YES;
				GCC_WARN_UNINITIALIZED_AUTOS = YES_AGGRESSIVE;
				GCC_WARN_UNUSED_FUNCTION = YES;
				GCC_WARN_UNUSED_VARIABLE = YES;
				IPHONEOS_DEPLOYMENT_TARGET = 15.0;
				MTL_ENABLE_DEBUG_INFO = NO;
				MTL_FAST_MATH = YES;
				SDKROOT = iphoneos;
				SWIFT_COMPILATION_MODE = wholemodule;
				SWIFT_OPTIMIZATION_LEVEL = "-O";
				VALIDATE_PRODUCT = YES;
			};
			name = Release;
		};
		ED8A762427A6DFE4009C0C9D /* Debug */ = {
			isa = XCBuildConfiguration;
			buildSettings = {
				ASSETCATALOG_COMPILER_APPICON_NAME = AppIcon;
				ASSETCATALOG_COMPILER_GLOBAL_ACCENT_COLOR_NAME = AccentColor;
				CODE_SIGN_STYLE = Automatic;
				CURRENT_PROJECT_VERSION = 1;
				DEVELOPMENT_ASSET_PATHS = "\"Clima/Preview Content\"";
				DEVELOPMENT_TEAM = LM5EME4M9H;
				ENABLE_PREVIEWS = YES;
				GENERATE_INFOPLIST_FILE = YES;
				INFOPLIST_KEY_UIApplicationSceneManifest_Generation = YES;
				INFOPLIST_KEY_UIApplicationSupportsIndirectInputEvents = YES;
				INFOPLIST_KEY_UILaunchScreen_Generation = YES;
				INFOPLIST_KEY_UISupportedInterfaceOrientations_iPad = "UIInterfaceOrientationPortrait UIInterfaceOrientationPortraitUpsideDown UIInterfaceOrientationLandscapeLeft UIInterfaceOrientationLandscapeRight";
				INFOPLIST_KEY_UISupportedInterfaceOrientations_iPhone = "UIInterfaceOrientationPortrait UIInterfaceOrientationLandscapeLeft UIInterfaceOrientationLandscapeRight";
				LD_RUNPATH_SEARCH_PATHS = (
					"$(inherited)",
					"@executable_path/Frameworks",
				);
				MARKETING_VERSION = 1.0;
				PRODUCT_BUNDLE_IDENTIFIER = ar.zafe.Clima;
				PRODUCT_NAME = "$(TARGET_NAME)";
				SWIFT_EMIT_LOC_STRINGS = YES;
				SWIFT_VERSION = 5.0;
				TARGETED_DEVICE_FAMILY = "1,2";
			};
			name = Debug;
		};
		ED8A762527A6DFE4009C0C9D /* Release */ = {
			isa = XCBuildConfiguration;
			buildSettings = {
				ASSETCATALOG_COMPILER_APPICON_NAME = AppIcon;
				ASSETCATALOG_COMPILER_GLOBAL_ACCENT_COLOR_NAME = AccentColor;
				CODE_SIGN_STYLE = Automatic;
				CURRENT_PROJECT_VERSION = 1;
				DEVELOPMENT_ASSET_PATHS = "\"Clima/Preview Content\"";
				DEVELOPMENT_TEAM = LM5EME4M9H;
				ENABLE_PREVIEWS = YES;
				GENERATE_INFOPLIST_FILE = YES;
				INFOPLIST_KEY_UIApplicationSceneManifest_Generation = YES;
				INFOPLIST_KEY_UIApplicationSupportsIndirectInputEvents = YES;
				INFOPLIST_KEY_UILaunchScreen_Generation = YES;
				INFOPLIST_KEY_UISupportedInterfaceOrientations_iPad = "UIInterfaceOrientationPortrait UIInterfaceOrientationPortraitUpsideDown UIInterfaceOrientationLandscapeLeft UIInterfaceOrientationLandscapeRight";
				INFOPLIST_KEY_UISupportedInterfaceOrientations_iPhone = "UIInterfaceOrientationPortrait UIInterfaceOrientationLandscapeLeft UIInterfaceOrientationLandscapeRight";
				LD_RUNPATH_SEARCH_PATHS = (
					"$(inherited)",
					"@executable_path/Frameworks",
				);
				MARKETING_VERSION = 1.0;
				PRODUCT_BUNDLE_IDENTIFIER = ar.zafe.Clima;
				PRODUCT_NAME = "$(TARGET_NAME)";
				SWIFT_EMIT_LOC_STRINGS = YES;
				SWIFT_VERSION = 5.0;
				TARGETED_DEVICE_FAMILY = "1,2";
			};
			name = Release;
		};
		ED8A762727A6DFE4009C0C9D /* Debug */ = {
			isa = XCBuildConfiguration;
			buildSettings = {
				ALWAYS_EMBED_SWIFT_STANDARD_LIBRARIES = YES;
				BUNDLE_LOADER = "$(TEST_HOST)";
				CODE_SIGN_STYLE = Automatic;
				CURRENT_PROJECT_VERSION = 1;
				DEVELOPMENT_TEAM = LM5EME4M9H;
				GENERATE_INFOPLIST_FILE = YES;
				IPHONEOS_DEPLOYMENT_TARGET = 15.0;
				LD_RUNPATH_SEARCH_PATHS = (
					"$(inherited)",
					"@executable_path/Frameworks",
					"@loader_path/Frameworks",
				);
				MARKETING_VERSION = 1.0;
				PRODUCT_BUNDLE_IDENTIFIER = ar.zafe.ClimaTests;
				PRODUCT_NAME = "$(TARGET_NAME)";
				SWIFT_EMIT_LOC_STRINGS = NO;
				SWIFT_VERSION = 5.0;
				TARGETED_DEVICE_FAMILY = "1,2";
				TEST_HOST = "$(BUILT_PRODUCTS_DIR)/Clima.app/Clima";
			};
			name = Debug;
		};
		ED8A762827A6DFE4009C0C9D /* Release */ = {
			isa = XCBuildConfiguration;
			buildSettings = {
				ALWAYS_EMBED_SWIFT_STANDARD_LIBRARIES = YES;
				BUNDLE_LOADER = "$(TEST_HOST)";
				CODE_SIGN_STYLE = Automatic;
				CURRENT_PROJECT_VERSION = 1;
				DEVELOPMENT_TEAM = LM5EME4M9H;
				GENERATE_INFOPLIST_FILE = YES;
				IPHONEOS_DEPLOYMENT_TARGET = 15.0;
				LD_RUNPATH_SEARCH_PATHS = (
					"$(inherited)",
					"@executable_path/Frameworks",
					"@loader_path/Frameworks",
				);
				MARKETING_VERSION = 1.0;
				PRODUCT_BUNDLE_IDENTIFIER = ar.zafe.ClimaTests;
				PRODUCT_NAME = "$(TARGET_NAME)";
				SWIFT_EMIT_LOC_STRINGS = NO;
				SWIFT_VERSION = 5.0;
				TARGETED_DEVICE_FAMILY = "1,2";
				TEST_HOST = "$(BUILT_PRODUCTS_DIR)/Clima.app/Clima";
			};
			name = Release;
		};
		ED8A762A27A6DFE4009C0C9D /* Debug */ = {
			isa = XCBuildConfiguration;
			buildSettings = {
				ALWAYS_EMBED_SWIFT_STANDARD_LIBRARIES = YES;
				CODE_SIGN_STYLE = Automatic;
				CURRENT_PROJECT_VERSION = 1;
				DEVELOPMENT_TEAM = LM5EME4M9H;
				GENERATE_INFOPLIST_FILE = YES;
				LD_RUNPATH_SEARCH_PATHS = (
					"$(inherited)",
					"@executable_path/Frameworks",
					"@loader_path/Frameworks",
				);
				MARKETING_VERSION = 1.0;
				PRODUCT_BUNDLE_IDENTIFIER = ar.zafe.ClimaUITests;
				PRODUCT_NAME = "$(TARGET_NAME)";
				SWIFT_EMIT_LOC_STRINGS = NO;
				SWIFT_VERSION = 5.0;
				TARGETED_DEVICE_FAMILY = "1,2";
				TEST_TARGET_NAME = Clima;
			};
			name = Debug;
		};
		ED8A762B27A6DFE4009C0C9D /* Release */ = {
			isa = XCBuildConfiguration;
			buildSettings = {
				ALWAYS_EMBED_SWIFT_STANDARD_LIBRARIES = YES;
				CODE_SIGN_STYLE = Automatic;
				CURRENT_PROJECT_VERSION = 1;
				DEVELOPMENT_TEAM = LM5EME4M9H;
				GENERATE_INFOPLIST_FILE = YES;
				LD_RUNPATH_SEARCH_PATHS = (
					"$(inherited)",
					"@executable_path/Frameworks",
					"@loader_path/Frameworks",
				);
				MARKETING_VERSION = 1.0;
				PRODUCT_BUNDLE_IDENTIFIER = ar.zafe.ClimaUITests;
				PRODUCT_NAME = "$(TARGET_NAME)";
				SWIFT_EMIT_LOC_STRINGS = NO;
				SWIFT_VERSION = 5.0;
				TARGETED_DEVICE_FAMILY = "1,2";
				TEST_TARGET_NAME = Clima;
			};
			name = Release;
		};
/* End XCBuildConfiguration section */

/* Begin XCConfigurationList section */
		ED8A75FA27A6DFDB009C0C9D /* Build configuration list for PBXProject "Clima" */ = {
			isa = XCConfigurationList;
			buildConfigurations = (
				ED8A762127A6DFE4009C0C9D /* Debug */,
				ED8A762227A6DFE4009C0C9D /* Release */,
			);
			defaultConfigurationIsVisible = 0;
			defaultConfigurationName = Release;
		};
		ED8A762327A6DFE4009C0C9D /* Build configuration list for PBXNativeTarget "Clima" */ = {
			isa = XCConfigurationList;
			buildConfigurations = (
				ED8A762427A6DFE4009C0C9D /* Debug */,
				ED8A762527A6DFE4009C0C9D /* Release */,
			);
			defaultConfigurationIsVisible = 0;
			defaultConfigurationName = Release;
		};
		ED8A762627A6DFE4009C0C9D /* Build configuration list for PBXNativeTarget "ClimaTests" */ = {
			isa = XCConfigurationList;
			buildConfigurations = (
				ED8A762727A6DFE4009C0C9D /* Debug */,
				ED8A762827A6DFE4009C0C9D /* Release */,
			);
			defaultConfigurationIsVisible = 0;
			defaultConfigurationName = Release;
		};
		ED8A762927A6DFE4009C0C9D /* Build configuration list for PBXNativeTarget "ClimaUITests" */ = {
			isa = XCConfigurationList;
			buildConfigurations = (
				ED8A762A27A6DFE4009C0C9D /* Debug */,
				ED8A762B27A6DFE4009C0C9D /* Release */,
			);
			defaultConfigurationIsVisible = 0;
			defaultConfigurationName = Release;
		};
/* End XCConfigurationList section */
	};
	rootObject = ED8A75F727A6DFDB009C0C9D /* Project object */;
}
